{
    "version": 3,
    "terraform_version": "0.9.2",
    "serial": 10,
    "lineage": "9fec1c91-8aeb-4f24-961b-ff9af3f7ec89",
    "modules": [
        {
            "path": [
                "root"
            ],
            "outputs": {},
            "resources": {
                "aws_route53_record.siteroot": {
                    "type": "aws_route53_record",
                    "depends_on": [
                        "aws_s3_bucket.sitebucket",
                        "data.aws_route53_zone.zone"
                    ],
                    "primary": {
                        "id": "ZGSZX636GT7HA_jonesie.kiwi_A",
                        "attributes": {
                            "alias.#": "1",
                            "alias.701075612.evaluate_target_health": "false",
                            "alias.701075612.name": "s3-website-us-west-2.amazonaws.com",
                            "alias.701075612.zone_id": "Z3BJ6K6RIION7M",
                            "fqdn": "jonesie.kiwi",
                            "health_check_id": "",
                            "id": "ZGSZX636GT7HA_jonesie.kiwi_A",
                            "name": "jonesie.kiwi",
                            "records.#": "0",
                            "set_identifier": "",
                            "ttl": "0",
                            "type": "A",
                            "zone_id": "ZGSZX636GT7HA"
                        },
                        "meta": {
                            "schema_version": "2"
                        },
                        "tainted": false
                    },
                    "deposed": [],
                    "provider": ""
                },
                "aws_route53_record.sitewww": {
                    "type": "aws_route53_record",
                    "depends_on": [
                        "aws_s3_bucket.sitebucket",
                        "data.aws_route53_zone.zone"
                    ],
                    "primary": {
                        "id": "ZGSZX636GT7HA_www.jonesie.kiwi_A",
                        "attributes": {
                            "alias.#": "1",
                            "alias.701075612.evaluate_target_health": "false",
                            "alias.701075612.name": "s3-website-us-west-2.amazonaws.com",
                            "alias.701075612.zone_id": "Z3BJ6K6RIION7M",
                            "fqdn": "www.jonesie.kiwi",
                            "health_check_id": "",
                            "id": "ZGSZX636GT7HA_www.jonesie.kiwi_A",
                            "name": "www.jonesie.kiwi",
                            "records.#": "0",
                            "set_identifier": "",
                            "ttl": "0",
                            "type": "A",
                            "zone_id": "ZGSZX636GT7HA"
                        },
                        "meta": {
                            "schema_version": "2"
                        },
                        "tainted": false
                    },
                    "deposed": [],
                    "provider": ""
                },
                "aws_s3_bucket.sitebucket": {
                    "type": "aws_s3_bucket",
                    "depends_on": [
                        "aws_s3_bucket.sitebucket-log"
                    ],
                    "primary": {
                        "id": "jonesie.kiwi",
                        "attributes": {
                            "acceleration_status": "",
                            "acl": "public-read",
                            "arn": "arn:aws:s3:::jonesie.kiwi",
                            "bucket": "jonesie.kiwi",
                            "bucket_domain_name": "jonesie.kiwi.s3.amazonaws.com",
                            "force_destroy": "false",
                            "hosted_zone_id": "Z3BJ6K6RIION7M",
                            "id": "jonesie.kiwi",
                            "logging.#": "1",
                            "logging.2681174326.target_bucket": "logs.jonesie.kiwi",
                            "logging.2681174326.target_prefix": "log/",
                            "policy": "{\"Statement\":[{\"Action\":\"s3:GetObject\",\"Effect\":\"Allow\",\"Principal\":\"*\",\"Resource\":\"arn:aws:s3:::jonesie.kiwi/*\",\"Sid\":\"Allow Public Access to All Objects\"}],\"Version\":\"2012-10-17\"}",
                            "region": "us-west-2",
                            "request_payer": "BucketOwner",
                            "tags.%": "0",
                            "versioning.#": "1",
                            "versioning.0.enabled": "false",
                            "versioning.0.mfa_delete": "false",
                            "website.#": "1",
                            "website.0.error_document": "error.html",
                            "website.0.index_document": "index.html",
                            "website.0.redirect_all_requests_to": "",
                            "website.0.routing_rules": "",
                            "website_domain": "s3-website-us-west-2.amazonaws.com",
                            "website_endpoint": "jonesie.kiwi.s3-website-us-west-2.amazonaws.com"
                        },
                        "meta": {},
                        "tainted": false
                    },
                    "deposed": [],
                    "provider": ""
                },
                "aws_s3_bucket.sitebucket-log": {
                    "type": "aws_s3_bucket",
                    "depends_on": [],
                    "primary": {
                        "id": "logs.jonesie.kiwi",
                        "attributes": {
                            "acceleration_status": "",
                            "acl": "log-delivery-write",
                            "arn": "arn:aws:s3:::logs.jonesie.kiwi",
                            "bucket": "logs.jonesie.kiwi",
                            "bucket_domain_name": "logs.jonesie.kiwi.s3.amazonaws.com",
                            "force_destroy": "false",
                            "hosted_zone_id": "Z3BJ6K6RIION7M",
                            "id": "logs.jonesie.kiwi",
                            "lifecycle_rule.#": "1",
                            "lifecycle_rule.0.abort_incomplete_multipart_upload_days": "0",
                            "lifecycle_rule.0.enabled": "true",
                            "lifecycle_rule.0.expiration.#": "1",
                            "lifecycle_rule.0.expiration.1709177023.date": "",
                            "lifecycle_rule.0.expiration.1709177023.days": "30",
                            "lifecycle_rule.0.expiration.1709177023.expired_object_delete_marker": "false",
                            "lifecycle_rule.0.id": "log",
                            "lifecycle_rule.0.noncurrent_version_expiration.#": "0",
                            "lifecycle_rule.0.noncurrent_version_transition.#": "0",
                            "lifecycle_rule.0.prefix": "log/",
                            "lifecycle_rule.0.transition.#": "0",
                            "region": "us-west-2",
                            "request_payer": "BucketOwner",
                            "tags.%": "0",
                            "versioning.#": "1",
                            "versioning.0.enabled": "false",
                            "versioning.0.mfa_delete": "false",
                            "website.#": "0"
                        },
                        "meta": {},
                        "tainted": false
                    },
                    "deposed": [],
                    "provider": ""
                },
                "aws_s3_bucket.sitebucket-www": {
                    "type": "aws_s3_bucket",
                    "depends_on": [],
                    "primary": {
                        "id": "www.jonesie.kiwi",
                        "attributes": {
                            "acceleration_status": "",
                            "acl": "public-read",
                            "arn": "arn:aws:s3:::www.jonesie.kiwi",
                            "bucket": "www.jonesie.kiwi",
                            "bucket_domain_name": "www.jonesie.kiwi.s3.amazonaws.com",
                            "force_destroy": "false",
                            "hosted_zone_id": "Z3BJ6K6RIION7M",
                            "id": "www.jonesie.kiwi",
                            "region": "us-west-2",
                            "request_payer": "BucketOwner",
                            "tags.%": "0",
                            "versioning.#": "1",
                            "versioning.0.enabled": "false",
                            "versioning.0.mfa_delete": "false",
                            "website.#": "1",
                            "website.0.error_document": "",
                            "website.0.index_document": "",
                            "website.0.redirect_all_requests_to": "jonesie.kiwi",
                            "website.0.routing_rules": "",
                            "website_domain": "s3-website-us-west-2.amazonaws.com",
                            "website_endpoint": "www.jonesie.kiwi.s3-website-us-west-2.amazonaws.com"
                        },
                        "meta": {},
                        "tainted": false
                    },
                    "deposed": [],
                    "provider": ""
                },
                "data.aws_route53_zone.zone": {
                    "type": "aws_route53_zone",
                    "depends_on": [],
                    "primary": {
                        "id": "ZGSZX636GT7HA",
                        "attributes": {
                            "caller_reference": "646B3740-F5F6-FD4C-9153-9BA74ABFEB51",
                            "comment": "",
                            "id": "ZGSZX636GT7HA",
                            "name": "jonesie.kiwi.",
                            "private_zone": "false",
                            "resource_record_set_count": "4",
                            "zone_id": "ZGSZX636GT7HA"
                        },
                        "meta": {},
                        "tainted": false
                    },
                    "deposed": [],
                    "provider": ""
                }
            },
            "depends_on": []
        }
    ]
}
